
Microsoft Visual Studio Solution File, Format Version 12.00
# Visual Studio Version 17
VisualStudioVersion = 17.0.31919.166
MinimumVisualStudioVersion = 10.0.40219.1
Project("{FAE04EC0-301F-11D3-BF4B-00C04F79EFBC}") = "E-Jogos", "E-Jogos\E-Jogos.csproj", "{0A13A4C1-A93C-46CC-B833-CFB83DE2BE31}"
EndProject
Global
	GlobalSection(SolutionConfigurationPlatforms) = preSolution
		Debug|Any CPU = Debug|Any CPU
		Release|Any CPU = Release|Any CPU
	EndGlobalSection
	GlobalSection(ProjectConfigurationPlatforms) = postSolution
		{0A13A4C1-A93C-46CC-B833-CFB83DE2BE31}.Debug|Any CPU.ActiveCfg = Debug|Any CPU
		{0A13A4C1-A93C-46CC-B833-CFB83DE2BE31}.Debug|Any CPU.Build.0 = Debug|Any CPU
		{0A13A4C1-A93C-46CC-B833-CFB83DE2BE31}.Release|Any CPU.ActiveCfg = Release|Any CPU
		{0A13A4C1-A93C-46CC-B833-CFB83DE2BE31}.Release|Any CPU.Build.0 = Release|Any CPU
	EndGlobalSection
	GlobalSection(SolutionProperties) = preSolution
		HideSolutionNode = FALSE
	EndGlobalSection
	GlobalSection(ExtensibilityGlobals) = postSolution
		SolutionGuid = {1B356B39-A1DE-4234-8BBE-83D3DFF616B3}
	EndGlobalSection
EndGlobal
